
Microsoft Visual Studio Solution File, Format Version 12.00
# Visual Studio Version 17
VisualStudioVersion = 17.5.33530.505
MinimumVisualStudioVersion = 10.0.40219.1
Project("{2150E333-8FDC-42A3-9474-1A3956D46DE8}") = "Client", "Client", "{AA784E9B-6561-4E33-B1CE-E40C3E23EBCF}"
EndProject
Project("{2150E333-8FDC-42A3-9474-1A3956D46DE8}") = "Services", "Services", "{687728F2-3068-4DA5-A4EC-07114A26F4BD}"
EndProject
Project("{9A19103F-16F7-4668-BE54-9A1E7A4F7556}") = "Client.MAUI.IBExpert", "Clients\Client.MAUI.IBExpert\Client.MAUI.IBExpert.csproj", "{2F925849-10F0-472D-B27A-69B6FFC3C15F}"
EndProject
Project("{9A19103F-16F7-4668-BE54-9A1E7A4F7556}") = "Client.MVC.IBExpert", "Clients\Client.MVC.IBExpert\Client.MVC.IBExpert.csproj", "{41B12700-AB94-4232-8F35-07795EDB4878}"
EndProject
Project("{9A19103F-16F7-4668-BE54-9A1E7A4F7556}") = "Debtor.API", "Services\Debtor\Debtor.API.csproj", "{B6CC063B-CB18-4699-AC2E-00F6BC9C569D}"
EndProject
Project("{9A19103F-16F7-4668-BE54-9A1E7A4F7556}") = "Clients.UnoApp", "Clients\Clients.UnoApp\Clients.UnoApp\Clients.UnoApp.csproj", "{64E53D2E-EFAF-43FD-86BE-225D1F087534}"
EndProject
Project("{9A19103F-16F7-4668-BE54-9A1E7A4F7556}") = "Clients.UnoApp.DataContracts", "Clients\Clients.UnoApp\Clients.UnoApp.DataContracts\Clients.UnoApp.DataContracts.csproj", "{D6059052-09C2-4DCB-A9C1-77F1C4F0C2D3}"
EndProject
Project("{9A19103F-16F7-4668-BE54-9A1E7A4F7556}") = "Clients.UnoApp.Tests", "Clients\Clients.UnoApp\Clients.UnoApp.Tests\Clients.UnoApp.Tests.csproj", "{F8958490-7583-42F7-9FD5-29B53E1A5C06}"
EndProject
Project("{9A19103F-16F7-4668-BE54-9A1E7A4F7556}") = "Clients.UnoApp.UITests", "Clients\Clients.UnoApp\Clients.UnoApp.UITests\Clients.UnoApp.UITests.csproj", "{66AB6ABC-1098-458A-8EE7-90E816E81CA0}"
EndProject
Project("{9A19103F-16F7-4668-BE54-9A1E7A4F7556}") = "Clients.UnoApp.Windows", "Clients\Clients.UnoApp\Clients.UnoApp.Windows\Clients.UnoApp.Windows.csproj", "{AFCF1869-F693-4F0A-9F9E-2B8F432F00FA}"
EndProject
Project("{2150E333-8FDC-42A3-9474-1A3956D46DE8}") = "Gateway", "Gateway", "{FA373267-F876-4CDD-9413-3B18992D3C1C}"
EndProject
Project("{9A19103F-16F7-4668-BE54-9A1E7A4F7556}") = "Gateway.Ocelot", "Gateway\Gateway.Ocelot\Gateway.Ocelot.csproj", "{EF16CE12-85B9-497F-8C55-4040D58CBB0E}"
EndProject
Project("{E53339B2-1760-4266-BCC7-CA923CBCF16C}") = "docker-compose", "docker-compose.dcproj", "{A9620D93-296C-42B0-A425-9244D1914930}"
EndProject
Global
	GlobalSection(SolutionConfigurationPlatforms) = preSolution
		Debug|Any CPU = Debug|Any CPU
		Debug|ARM = Debug|ARM
		Debug|ARM64 = Debug|ARM64
		Debug|x64 = Debug|x64
		Debug|x86 = Debug|x86
		Release|Any CPU = Release|Any CPU
		Release|ARM = Release|ARM
		Release|ARM64 = Release|ARM64
		Release|x64 = Release|x64
		Release|x86 = Release|x86
	EndGlobalSection
	GlobalSection(ProjectConfigurationPlatforms) = postSolution
		{2F925849-10F0-472D-B27A-69B6FFC3C15F}.Debug|Any CPU.ActiveCfg = Debug|Any CPU
		{2F925849-10F0-472D-B27A-69B6FFC3C15F}.Debug|Any CPU.Build.0 = Debug|Any CPU
		{2F925849-10F0-472D-B27A-69B6FFC3C15F}.Debug|Any CPU.Deploy.0 = Debug|Any CPU
		{2F925849-10F0-472D-B27A-69B6FFC3C15F}.Debug|ARM.ActiveCfg = Debug|Any CPU
		{2F925849-10F0-472D-B27A-69B6FFC3C15F}.Debug|ARM.Build.0 = Debug|Any CPU
		{2F925849-10F0-472D-B27A-69B6FFC3C15F}.Debug|ARM.Deploy.0 = Debug|Any CPU
		{2F925849-10F0-472D-B27A-69B6FFC3C15F}.Debug|ARM64.ActiveCfg = Debug|Any CPU
		{2F925849-10F0-472D-B27A-69B6FFC3C15F}.Debug|ARM64.Build.0 = Debug|Any CPU
		{2F925849-10F0-472D-B27A-69B6FFC3C15F}.Debug|ARM64.Deploy.0 = Debug|Any CPU
		{2F925849-10F0-472D-B27A-69B6FFC3C15F}.Debug|x64.ActiveCfg = Debug|Any CPU
		{2F925849-10F0-472D-B27A-69B6FFC3C15F}.Debug|x64.Build.0 = Debug|Any CPU
		{2F925849-10F0-472D-B27A-69B6FFC3C15F}.Debug|x64.Deploy.0 = Debug|Any CPU
		{2F925849-10F0-472D-B27A-69B6FFC3C15F}.Debug|x86.ActiveCfg = Debug|Any CPU
		{2F925849-10F0-472D-B27A-69B6FFC3C15F}.Debug|x86.Build.0 = Debug|Any CPU
		{2F925849-10F0-472D-B27A-69B6FFC3C15F}.Debug|x86.Deploy.0 = Debug|Any CPU
		{2F925849-10F0-472D-B27A-69B6FFC3C15F}.Release|Any CPU.ActiveCfg = Release|Any CPU
		{2F925849-10F0-472D-B27A-69B6FFC3C15F}.Release|Any CPU.Build.0 = Release|Any CPU
		{2F925849-10F0-472D-B27A-69B6FFC3C15F}.Release|Any CPU.Deploy.0 = Release|Any CPU
		{2F925849-10F0-472D-B27A-69B6FFC3C15F}.Release|ARM.ActiveCfg = Release|Any CPU
		{2F925849-10F0-472D-B27A-69B6FFC3C15F}.Release|ARM.Build.0 = Release|Any CPU
		{2F925849-10F0-472D-B27A-69B6FFC3C15F}.Release|ARM.Deploy.0 = Release|Any CPU
		{2F925849-10F0-472D-B27A-69B6FFC3C15F}.Release|ARM64.ActiveCfg = Release|Any CPU
		{2F925849-10F0-472D-B27A-69B6FFC3C15F}.Release|ARM64.Build.0 = Release|Any CPU
		{2F925849-10F0-472D-B27A-69B6FFC3C15F}.Release|ARM64.Deploy.0 = Release|Any CPU
		{2F925849-10F0-472D-B27A-69B6FFC3C15F}.Release|x64.ActiveCfg = Release|Any CPU
		{2F925849-10F0-472D-B27A-69B6FFC3C15F}.Release|x64.Build.0 = Release|Any CPU
		{2F925849-10F0-472D-B27A-69B6FFC3C15F}.Release|x64.Deploy.0 = Release|Any CPU
		{2F925849-10F0-472D-B27A-69B6FFC3C15F}.Release|x86.ActiveCfg = Release|Any CPU
		{2F925849-10F0-472D-B27A-69B6FFC3C15F}.Release|x86.Build.0 = Release|Any CPU
		{2F925849-10F0-472D-B27A-69B6FFC3C15F}.Release|x86.Deploy.0 = Release|Any CPU
		{41B12700-AB94-4232-8F35-07795EDB4878}.Debug|Any CPU.ActiveCfg = Debug|Any CPU
		{41B12700-AB94-4232-8F35-07795EDB4878}.Debug|Any CPU.Build.0 = Debug|Any CPU
		{41B12700-AB94-4232-8F35-07795EDB4878}.Debug|ARM.ActiveCfg = Debug|Any CPU
		{41B12700-AB94-4232-8F35-07795EDB4878}.Debug|ARM.Build.0 = Debug|Any CPU
		{41B12700-AB94-4232-8F35-07795EDB4878}.Debug|ARM64.ActiveCfg = Debug|Any CPU
		{41B12700-AB94-4232-8F35-07795EDB4878}.Debug|ARM64.Build.0 = Debug|Any CPU
		{41B12700-AB94-4232-8F35-07795EDB4878}.Debug|x64.ActiveCfg = Debug|Any CPU
		{41B12700-AB94-4232-8F35-07795EDB4878}.Debug|x64.Build.0 = Debug|Any CPU
		{41B12700-AB94-4232-8F35-07795EDB4878}.Debug|x86.ActiveCfg = Debug|Any CPU
		{41B12700-AB94-4232-8F35-07795EDB4878}.Debug|x86.Build.0 = Debug|Any CPU
		{41B12700-AB94-4232-8F35-07795EDB4878}.Release|Any CPU.ActiveCfg = Release|Any CPU
		{41B12700-AB94-4232-8F35-07795EDB4878}.Release|Any CPU.Build.0 = Release|Any CPU
		{41B12700-AB94-4232-8F35-07795EDB4878}.Release|ARM.ActiveCfg = Release|Any CPU
		{41B12700-AB94-4232-8F35-07795EDB4878}.Release|ARM.Build.0 = Release|Any CPU
		{41B12700-AB94-4232-8F35-07795EDB4878}.Release|ARM64.ActiveCfg = Release|Any CPU
		{41B12700-AB94-4232-8F35-07795EDB4878}.Release|ARM64.Build.0 = Release|Any CPU
		{41B12700-AB94-4232-8F35-07795EDB4878}.Release|x64.ActiveCfg = Release|Any CPU
		{41B12700-AB94-4232-8F35-07795EDB4878}.Release|x64.Build.0 = Release|Any CPU
		{41B12700-AB94-4232-8F35-07795EDB4878}.Release|x86.ActiveCfg = Release|Any CPU
		{41B12700-AB94-4232-8F35-07795EDB4878}.Release|x86.Build.0 = Release|Any CPU
		{B6CC063B-CB18-4699-AC2E-00F6BC9C569D}.Debug|Any CPU.ActiveCfg = Debug|Any CPU
		{B6CC063B-CB18-4699-AC2E-00F6BC9C569D}.Debug|Any CPU.Build.0 = Debug|Any CPU
		{B6CC063B-CB18-4699-AC2E-00F6BC9C569D}.Debug|ARM.ActiveCfg = Debug|Any CPU
		{B6CC063B-CB18-4699-AC2E-00F6BC9C569D}.Debug|ARM.Build.0 = Debug|Any CPU
		{B6CC063B-CB18-4699-AC2E-00F6BC9C569D}.Debug|ARM64.ActiveCfg = Debug|Any CPU
		{B6CC063B-CB18-4699-AC2E-00F6BC9C569D}.Debug|ARM64.Build.0 = Debug|Any CPU
		{B6CC063B-CB18-4699-AC2E-00F6BC9C569D}.Debug|x64.ActiveCfg = Debug|Any CPU
		{B6CC063B-CB18-4699-AC2E-00F6BC9C569D}.Debug|x64.Build.0 = Debug|Any CPU
		{B6CC063B-CB18-4699-AC2E-00F6BC9C569D}.Debug|x86.ActiveCfg = Debug|Any CPU
		{B6CC063B-CB18-4699-AC2E-00F6BC9C569D}.Debug|x86.Build.0 = Debug|Any CPU
		{B6CC063B-CB18-4699-AC2E-00F6BC9C569D}.Release|Any CPU.ActiveCfg = Release|Any CPU
		{B6CC063B-CB18-4699-AC2E-00F6BC9C569D}.Release|Any CPU.Build.0 = Release|Any CPU
		{B6CC063B-CB18-4699-AC2E-00F6BC9C569D}.Release|ARM.ActiveCfg = Release|Any CPU
		{B6CC063B-CB18-4699-AC2E-00F6BC9C569D}.Release|ARM.Build.0 = Release|Any CPU
		{B6CC063B-CB18-4699-AC2E-00F6BC9C569D}.Release|ARM64.ActiveCfg = Release|Any CPU
		{B6CC063B-CB18-4699-AC2E-00F6BC9C569D}.Release|ARM64.Build.0 = Release|Any CPU
		{B6CC063B-CB18-4699-AC2E-00F6BC9C569D}.Release|x64.ActiveCfg = Release|Any CPU
		{B6CC063B-CB18-4699-AC2E-00F6BC9C569D}.Release|x64.Build.0 = Release|Any CPU
		{B6CC063B-CB18-4699-AC2E-00F6BC9C569D}.Release|x86.ActiveCfg = Release|Any CPU
		{B6CC063B-CB18-4699-AC2E-00F6BC9C569D}.Release|x86.Build.0 = Release|Any CPU
		{64E53D2E-EFAF-43FD-86BE-225D1F087534}.Debug|Any CPU.ActiveCfg = Debug|Any CPU
		{64E53D2E-EFAF-43FD-86BE-225D1F087534}.Debug|Any CPU.Build.0 = Debug|Any CPU
		{64E53D2E-EFAF-43FD-86BE-225D1F087534}.Debug|ARM.ActiveCfg = Debug|Any CPU
		{64E53D2E-EFAF-43FD-86BE-225D1F087534}.Debug|ARM.Build.0 = Debug|Any CPU
		{64E53D2E-EFAF-43FD-86BE-225D1F087534}.Debug|ARM64.ActiveCfg = Debug|Any CPU
		{64E53D2E-EFAF-43FD-86BE-225D1F087534}.Debug|ARM64.Build.0 = Debug|Any CPU
		{64E53D2E-EFAF-43FD-86BE-225D1F087534}.Debug|x64.ActiveCfg = Debug|Any CPU
		{64E53D2E-EFAF-43FD-86BE-225D1F087534}.Debug|x64.Build.0 = Debug|Any CPU
		{64E53D2E-EFAF-43FD-86BE-225D1F087534}.Debug|x86.ActiveCfg = Debug|Any CPU
		{64E53D2E-EFAF-43FD-86BE-225D1F087534}.Debug|x86.Build.0 = Debug|Any CPU
		{64E53D2E-EFAF-43FD-86BE-225D1F087534}.Release|Any CPU.ActiveCfg = Release|Any CPU
		{64E53D2E-EFAF-43FD-86BE-225D1F087534}.Release|Any CPU.Build.0 = Release|Any CPU
		{64E53D2E-EFAF-43FD-86BE-225D1F087534}.Release|ARM.ActiveCfg = Release|Any CPU
		{64E53D2E-EFAF-43FD-86BE-225D1F087534}.Release|ARM.Build.0 = Release|Any CPU
		{64E53D2E-EFAF-43FD-86BE-225D1F087534}.Release|ARM64.ActiveCfg = Release|Any CPU
		{64E53D2E-EFAF-43FD-86BE-225D1F087534}.Release|ARM64.Build.0 = Release|Any CPU
		{64E53D2E-EFAF-43FD-86BE-225D1F087534}.Release|x64.ActiveCfg = Release|Any CPU
		{64E53D2E-EFAF-43FD-86BE-225D1F087534}.Release|x64.Build.0 = Release|Any CPU
		{64E53D2E-EFAF-43FD-86BE-225D1F087534}.Release|x86.ActiveCfg = Release|Any CPU
		{64E53D2E-EFAF-43FD-86BE-225D1F087534}.Release|x86.Build.0 = Release|Any CPU
		{D6059052-09C2-4DCB-A9C1-77F1C4F0C2D3}.Debug|Any CPU.ActiveCfg = Debug|Any CPU
		{D6059052-09C2-4DCB-A9C1-77F1C4F0C2D3}.Debug|Any CPU.Build.0 = Debug|Any CPU
		{D6059052-09C2-4DCB-A9C1-77F1C4F0C2D3}.Debug|ARM.ActiveCfg = Debug|Any CPU
		{D6059052-09C2-4DCB-A9C1-77F1C4F0C2D3}.Debug|ARM.Build.0 = Debug|Any CPU
		{D6059052-09C2-4DCB-A9C1-77F1C4F0C2D3}.Debug|ARM64.ActiveCfg = Debug|Any CPU
		{D6059052-09C2-4DCB-A9C1-77F1C4F0C2D3}.Debug|ARM64.Build.0 = Debug|Any CPU
		{D6059052-09C2-4DCB-A9C1-77F1C4F0C2D3}.Debug|x64.ActiveCfg = Debug|Any CPU
		{D6059052-09C2-4DCB-A9C1-77F1C4F0C2D3}.Debug|x64.Build.0 = Debug|Any CPU
		{D6059052-09C2-4DCB-A9C1-77F1C4F0C2D3}.Debug|x86.ActiveCfg = Debug|Any CPU
		{D6059052-09C2-4DCB-A9C1-77F1C4F0C2D3}.Debug|x86.Build.0 = Debug|Any CPU
		{D6059052-09C2-4DCB-A9C1-77F1C4F0C2D3}.Release|Any CPU.ActiveCfg = Release|Any CPU
		{D6059052-09C2-4DCB-A9C1-77F1C4F0C2D3}.Release|Any CPU.Build.0 = Release|Any CPU
		{D6059052-09C2-4DCB-A9C1-77F1C4F0C2D3}.Release|ARM.ActiveCfg = Release|Any CPU
		{D6059052-09C2-4DCB-A9C1-77F1C4F0C2D3}.Release|ARM.Build.0 = Release|Any CPU
		{D6059052-09C2-4DCB-A9C1-77F1C4F0C2D3}.Release|ARM64.ActiveCfg = Release|Any CPU
		{D6059052-09C2-4DCB-A9C1-77F1C4F0C2D3}.Release|ARM64.Build.0 = Release|Any CPU
		{D6059052-09C2-4DCB-A9C1-77F1C4F0C2D3}.Release|x64.ActiveCfg = Release|Any CPU
		{D6059052-09C2-4DCB-A9C1-77F1C4F0C2D3}.Release|x64.Build.0 = Release|Any CPU
		{D6059052-09C2-4DCB-A9C1-77F1C4F0C2D3}.Release|x86.ActiveCfg = Release|Any CPU
		{D6059052-09C2-4DCB-A9C1-77F1C4F0C2D3}.Release|x86.Build.0 = Release|Any CPU
		{F8958490-7583-42F7-9FD5-29B53E1A5C06}.Debug|Any CPU.ActiveCfg = Debug|Any CPU
		{F8958490-7583-42F7-9FD5-29B53E1A5C06}.Debug|Any CPU.Build.0 = Debug|Any CPU
		{F8958490-7583-42F7-9FD5-29B53E1A5C06}.Debug|ARM.ActiveCfg = Debug|Any CPU
		{F8958490-7583-42F7-9FD5-29B53E1A5C06}.Debug|ARM.Build.0 = Debug|Any CPU
		{F8958490-7583-42F7-9FD5-29B53E1A5C06}.Debug|ARM64.ActiveCfg = Debug|Any CPU
		{F8958490-7583-42F7-9FD5-29B53E1A5C06}.Debug|ARM64.Build.0 = Debug|Any CPU
		{F8958490-7583-42F7-9FD5-29B53E1A5C06}.Debug|x64.ActiveCfg = Debug|Any CPU
		{F8958490-7583-42F7-9FD5-29B53E1A5C06}.Debug|x64.Build.0 = Debug|Any CPU
		{F8958490-7583-42F7-9FD5-29B53E1A5C06}.Debug|x86.ActiveCfg = Debug|Any CPU
		{F8958490-7583-42F7-9FD5-29B53E1A5C06}.Debug|x86.Build.0 = Debug|Any CPU
		{F8958490-7583-42F7-9FD5-29B53E1A5C06}.Release|Any CPU.ActiveCfg = Release|Any CPU
		{F8958490-7583-42F7-9FD5-29B53E1A5C06}.Release|Any CPU.Build.0 = Release|Any CPU
		{F8958490-7583-42F7-9FD5-29B53E1A5C06}.Release|ARM.ActiveCfg = Release|Any CPU
		{F8958490-7583-42F7-9FD5-29B53E1A5C06}.Release|ARM.Build.0 = Release|Any CPU
		{F8958490-7583-42F7-9FD5-29B53E1A5C06}.Release|ARM64.ActiveCfg = Release|Any CPU
		{F8958490-7583-42F7-9FD5-29B53E1A5C06}.Release|ARM64.Build.0 = Release|Any CPU
		{F8958490-7583-42F7-9FD5-29B53E1A5C06}.Release|x64.ActiveCfg = Release|Any CPU
		{F8958490-7583-42F7-9FD5-29B53E1A5C06}.Release|x64.Build.0 = Release|Any CPU
		{F8958490-7583-42F7-9FD5-29B53E1A5C06}.Release|x86.ActiveCfg = Release|Any CPU
		{F8958490-7583-42F7-9FD5-29B53E1A5C06}.Release|x86.Build.0 = Release|Any CPU
		{66AB6ABC-1098-458A-8EE7-90E816E81CA0}.Debug|Any CPU.ActiveCfg = Debug|Any CPU
		{66AB6ABC-1098-458A-8EE7-90E816E81CA0}.Debug|Any CPU.Build.0 = Debug|Any CPU
		{66AB6ABC-1098-458A-8EE7-90E816E81CA0}.Debug|ARM.ActiveCfg = Debug|Any CPU
		{66AB6ABC-1098-458A-8EE7-90E816E81CA0}.Debug|ARM.Build.0 = Debug|Any CPU
		{66AB6ABC-1098-458A-8EE7-90E816E81CA0}.Debug|ARM64.ActiveCfg = Debug|Any CPU
		{66AB6ABC-1098-458A-8EE7-90E816E81CA0}.Debug|ARM64.Build.0 = Debug|Any CPU
		{66AB6ABC-1098-458A-8EE7-90E816E81CA0}.Debug|x64.ActiveCfg = Debug|Any CPU
		{66AB6ABC-1098-458A-8EE7-90E816E81CA0}.Debug|x64.Build.0 = Debug|Any CPU
		{66AB6ABC-1098-458A-8EE7-90E816E81CA0}.Debug|x86.ActiveCfg = Debug|Any CPU
		{66AB6ABC-1098-458A-8EE7-90E816E81CA0}.Debug|x86.Build.0 = Debug|Any CPU
		{66AB6ABC-1098-458A-8EE7-90E816E81CA0}.Release|Any CPU.ActiveCfg = Release|Any CPU
		{66AB6ABC-1098-458A-8EE7-90E816E81CA0}.Release|Any CPU.Build.0 = Release|Any CPU
		{66AB6ABC-1098-458A-8EE7-90E816E81CA0}.Release|ARM.ActiveCfg = Release|Any CPU
		{66AB6ABC-1098-458A-8EE7-90E816E81CA0}.Release|ARM.Build.0 = Release|Any CPU
		{66AB6ABC-1098-458A-8EE7-90E816E81CA0}.Release|ARM64.ActiveCfg = Release|Any CPU
		{66AB6ABC-1098-458A-8EE7-90E816E81CA0}.Release|ARM64.Build.0 = Release|Any CPU
		{66AB6ABC-1098-458A-8EE7-90E816E81CA0}.Release|x64.ActiveCfg = Release|Any CPU
		{66AB6ABC-1098-458A-8EE7-90E816E81CA0}.Release|x64.Build.0 = Release|Any CPU
		{66AB6ABC-1098-458A-8EE7-90E816E81CA0}.Release|x86.ActiveCfg = Release|Any CPU
		{66AB6ABC-1098-458A-8EE7-90E816E81CA0}.Release|x86.Build.0 = Release|Any CPU
		{AFCF1869-F693-4F0A-9F9E-2B8F432F00FA}.Debug|Any CPU.ActiveCfg = Debug|x64
		{AFCF1869-F693-4F0A-9F9E-2B8F432F00FA}.Debug|Any CPU.Build.0 = Debug|x64
		{AFCF1869-F693-4F0A-9F9E-2B8F432F00FA}.Debug|Any CPU.Deploy.0 = Debug|x64
		{AFCF1869-F693-4F0A-9F9E-2B8F432F00FA}.Debug|ARM.ActiveCfg = Debug|x64
		{AFCF1869-F693-4F0A-9F9E-2B8F432F00FA}.Debug|ARM.Build.0 = Debug|x64
		{AFCF1869-F693-4F0A-9F9E-2B8F432F00FA}.Debug|ARM64.ActiveCfg = Debug|arm64
		{AFCF1869-F693-4F0A-9F9E-2B8F432F00FA}.Debug|ARM64.Build.0 = Debug|arm64
		{AFCF1869-F693-4F0A-9F9E-2B8F432F00FA}.Debug|x64.ActiveCfg = Debug|x64
		{AFCF1869-F693-4F0A-9F9E-2B8F432F00FA}.Debug|x64.Build.0 = Debug|x64
		{AFCF1869-F693-4F0A-9F9E-2B8F432F00FA}.Debug|x86.ActiveCfg = Debug|x86
		{AFCF1869-F693-4F0A-9F9E-2B8F432F00FA}.Debug|x86.Build.0 = Debug|x86
		{AFCF1869-F693-4F0A-9F9E-2B8F432F00FA}.Release|Any CPU.ActiveCfg = Release|x64
		{AFCF1869-F693-4F0A-9F9E-2B8F432F00FA}.Release|Any CPU.Build.0 = Release|x64
		{AFCF1869-F693-4F0A-9F9E-2B8F432F00FA}.Release|ARM.ActiveCfg = Release|x64
		{AFCF1869-F693-4F0A-9F9E-2B8F432F00FA}.Release|ARM.Build.0 = Release|x64
		{AFCF1869-F693-4F0A-9F9E-2B8F432F00FA}.Release|ARM64.ActiveCfg = Release|arm64
		{AFCF1869-F693-4F0A-9F9E-2B8F432F00FA}.Release|ARM64.Build.0 = Release|arm64
		{AFCF1869-F693-4F0A-9F9E-2B8F432F00FA}.Release|x64.ActiveCfg = Release|x64
		{AFCF1869-F693-4F0A-9F9E-2B8F432F00FA}.Release|x64.Build.0 = Release|x64
		{AFCF1869-F693-4F0A-9F9E-2B8F432F00FA}.Release|x86.ActiveCfg = Release|x86
		{AFCF1869-F693-4F0A-9F9E-2B8F432F00FA}.Release|x86.Build.0 = Release|x86
		{EF16CE12-85B9-497F-8C55-4040D58CBB0E}.Debug|Any CPU.ActiveCfg = Debug|Any CPU
		{EF16CE12-85B9-497F-8C55-4040D58CBB0E}.Debug|Any CPU.Build.0 = Debug|Any CPU
		{EF16CE12-85B9-497F-8C55-4040D58CBB0E}.Debug|ARM.ActiveCfg = Debug|Any CPU
		{EF16CE12-85B9-497F-8C55-4040D58CBB0E}.Debug|ARM.Build.0 = Debug|Any CPU
		{EF16CE12-85B9-497F-8C55-4040D58CBB0E}.Debug|ARM64.ActiveCfg = Debug|Any CPU
		{EF16CE12-85B9-497F-8C55-4040D58CBB0E}.Debug|ARM64.Build.0 = Debug|Any CPU
		{EF16CE12-85B9-497F-8C55-4040D58CBB0E}.Debug|x64.ActiveCfg = Debug|Any CPU
		{EF16CE12-85B9-497F-8C55-4040D58CBB0E}.Debug|x64.Build.0 = Debug|Any CPU
		{EF16CE12-85B9-497F-8C55-4040D58CBB0E}.Debug|x86.ActiveCfg = Debug|Any CPU
		{EF16CE12-85B9-497F-8C55-4040D58CBB0E}.Debug|x86.Build.0 = Debug|Any CPU
		{EF16CE12-85B9-497F-8C55-4040D58CBB0E}.Release|Any CPU.ActiveCfg = Release|Any CPU
		{EF16CE12-85B9-497F-8C55-4040D58CBB0E}.Release|Any CPU.Build.0 = Release|Any CPU
		{EF16CE12-85B9-497F-8C55-4040D58CBB0E}.Release|ARM.ActiveCfg = Release|Any CPU
		{EF16CE12-85B9-497F-8C55-4040D58CBB0E}.Release|ARM.Build.0 = Release|Any CPU
		{EF16CE12-85B9-497F-8C55-4040D58CBB0E}.Release|ARM64.ActiveCfg = Release|Any CPU
		{EF16CE12-85B9-497F-8C55-4040D58CBB0E}.Release|ARM64.Build.0 = Release|Any CPU
		{EF16CE12-85B9-497F-8C55-4040D58CBB0E}.Release|x64.ActiveCfg = Release|Any CPU
		{EF16CE12-85B9-497F-8C55-4040D58CBB0E}.Release|x64.Build.0 = Release|Any CPU
		{EF16CE12-85B9-497F-8C55-4040D58CBB0E}.Release|x86.ActiveCfg = Release|Any CPU
		{EF16CE12-85B9-497F-8C55-4040D58CBB0E}.Release|x86.Build.0 = Release|Any CPU
		{A9620D93-296C-42B0-A425-9244D1914930}.Debug|Any CPU.ActiveCfg = Debug|Any CPU
		{A9620D93-296C-42B0-A425-9244D1914930}.Debug|Any CPU.Build.0 = Debug|Any CPU
		{A9620D93-296C-42B0-A425-9244D1914930}.Debug|ARM.ActiveCfg = Debug|Any CPU
		{A9620D93-296C-42B0-A425-9244D1914930}.Debug|ARM.Build.0 = Debug|Any CPU
		{A9620D93-296C-42B0-A425-9244D1914930}.Debug|ARM64.ActiveCfg = Debug|Any CPU
		{A9620D93-296C-42B0-A425-9244D1914930}.Debug|ARM64.Build.0 = Debug|Any CPU
		{A9620D93-296C-42B0-A425-9244D1914930}.Debug|x64.ActiveCfg = Debug|Any CPU
		{A9620D93-296C-42B0-A425-9244D1914930}.Debug|x64.Build.0 = Debug|Any CPU
		{A9620D93-296C-42B0-A425-9244D1914930}.Debug|x86.ActiveCfg = Debug|Any CPU
		{A9620D93-296C-42B0-A425-9244D1914930}.Debug|x86.Build.0 = Debug|Any CPU
		{A9620D93-296C-42B0-A425-9244D1914930}.Release|Any CPU.ActiveCfg = Release|Any CPU
		{A9620D93-296C-42B0-A425-9244D1914930}.Release|Any CPU.Build.0 = Release|Any CPU
		{A9620D93-296C-42B0-A425-9244D1914930}.Release|ARM.ActiveCfg = Release|Any CPU
		{A9620D93-296C-42B0-A425-9244D1914930}.Release|ARM.Build.0 = Release|Any CPU
		{A9620D93-296C-42B0-A425-9244D1914930}.Release|ARM64.ActiveCfg = Release|Any CPU
		{A9620D93-296C-42B0-A425-9244D1914930}.Release|ARM64.Build.0 = Release|Any CPU
		{A9620D93-296C-42B0-A425-9244D1914930}.Release|x64.ActiveCfg = Release|Any CPU
		{A9620D93-296C-42B0-A425-9244D1914930}.Release|x64.Build.0 = Release|Any CPU
		{A9620D93-296C-42B0-A425-9244D1914930}.Release|x86.ActiveCfg = Release|Any CPU
		{A9620D93-296C-42B0-A425-9244D1914930}.Release|x86.Build.0 = Release|Any CPU
	EndGlobalSection
	GlobalSection(SolutionProperties) = preSolution
		HideSolutionNode = FALSE
	EndGlobalSection
	GlobalSection(NestedProjects) = preSolution
		{2F925849-10F0-472D-B27A-69B6FFC3C15F} = {AA784E9B-6561-4E33-B1CE-E40C3E23EBCF}
		{41B12700-AB94-4232-8F35-07795EDB4878} = {AA784E9B-6561-4E33-B1CE-E40C3E23EBCF}
		{B6CC063B-CB18-4699-AC2E-00F6BC9C569D} = {687728F2-3068-4DA5-A4EC-07114A26F4BD}
		{64E53D2E-EFAF-43FD-86BE-225D1F087534} = {AA784E9B-6561-4E33-B1CE-E40C3E23EBCF}
		{D6059052-09C2-4DCB-A9C1-77F1C4F0C2D3} = {AA784E9B-6561-4E33-B1CE-E40C3E23EBCF}
		{F8958490-7583-42F7-9FD5-29B53E1A5C06} = {AA784E9B-6561-4E33-B1CE-E40C3E23EBCF}
		{66AB6ABC-1098-458A-8EE7-90E816E81CA0} = {AA784E9B-6561-4E33-B1CE-E40C3E23EBCF}
		{AFCF1869-F693-4F0A-9F9E-2B8F432F00FA} = {AA784E9B-6561-4E33-B1CE-E40C3E23EBCF}
		{EF16CE12-85B9-497F-8C55-4040D58CBB0E} = {FA373267-F876-4CDD-9413-3B18992D3C1C}
	EndGlobalSection
	GlobalSection(ExtensibilityGlobals) = postSolution
		SolutionGuid = {43D2E833-6440-49EC-A148-D8EDEB604C87}
	EndGlobalSection
EndGlobal
