
Microsoft Visual Studio Solution File, Format Version 12.00
# Visual Studio Version 17
VisualStudioVersion = 17.5.33530.505
MinimumVisualStudioVersion = 10.0.40219.1
Project("{2150E333-8FDC-42A3-9474-1A3956D46DE8}") = "Client", "Client", "{AA784E9B-6561-4E33-B1CE-E40C3E23EBCF}"
EndProject
Project("{2150E333-8FDC-42A3-9474-1A3956D46DE8}") = "Services", "Services", "{687728F2-3068-4DA5-A4EC-07114A26F4BD}"
EndProject
Project("{9A19103F-16F7-4668-BE54-9A1E7A4F7556}") = "Client.MAUI.IBExpert", "Clients\Client.MAUI.IBExpert\Client.MAUI.IBExpert.csproj", "{2F925849-10F0-472D-B27A-69B6FFC3C15F}"
EndProject
Project("{9A19103F-16F7-4668-BE54-9A1E7A4F7556}") = "Client.MVC.IBExpert", "Clients\Client.MVC.IBExpert\Client.MVC.IBExpert.csproj", "{41B12700-AB94-4232-8F35-07795EDB4878}"
EndProject
Project("{9A19103F-16F7-4668-BE54-9A1E7A4F7556}") = "Debtor.API", "Services\Debtor\Debtor.API.csproj", "{B6CC063B-CB18-4699-AC2E-00F6BC9C569D}"
EndProject
Global
	GlobalSection(SolutionConfigurationPlatforms) = preSolution
		Debug|Any CPU = Debug|Any CPU
		Debug|ARM = Debug|ARM
		Debug|ARM64 = Debug|ARM64
		Debug|x64 = Debug|x64
		Debug|x86 = Debug|x86
		Release|Any CPU = Release|Any CPU
		Release|ARM = Release|ARM
		Release|ARM64 = Release|ARM64
		Release|x64 = Release|x64
		Release|x86 = Release|x86
	EndGlobalSection
	GlobalSection(ProjectConfigurationPlatforms) = postSolution
		{2F925849-10F0-472D-B27A-69B6FFC3C15F}.Debug|Any CPU.ActiveCfg = Debug|Any CPU
		{2F925849-10F0-472D-B27A-69B6FFC3C15F}.Debug|Any CPU.Build.0 = Debug|Any CPU
		{2F925849-10F0-472D-B27A-69B6FFC3C15F}.Debug|Any CPU.Deploy.0 = Debug|Any CPU
		{2F925849-10F0-472D-B27A-69B6FFC3C15F}.Debug|ARM.ActiveCfg = Debug|Any CPU
		{2F925849-10F0-472D-B27A-69B6FFC3C15F}.Debug|ARM.Build.0 = Debug|Any CPU
		{2F925849-10F0-472D-B27A-69B6FFC3C15F}.Debug|ARM.Deploy.0 = Debug|Any CPU
		{2F925849-10F0-472D-B27A-69B6FFC3C15F}.Debug|ARM64.ActiveCfg = Debug|Any CPU
		{2F925849-10F0-472D-B27A-69B6FFC3C15F}.Debug|ARM64.Build.0 = Debug|Any CPU
		{2F925849-10F0-472D-B27A-69B6FFC3C15F}.Debug|ARM64.Deploy.0 = Debug|Any CPU
		{2F925849-10F0-472D-B27A-69B6FFC3C15F}.Debug|x64.ActiveCfg = Debug|Any CPU
		{2F925849-10F0-472D-B27A-69B6FFC3C15F}.Debug|x64.Build.0 = Debug|Any CPU
		{2F925849-10F0-472D-B27A-69B6FFC3C15F}.Debug|x64.Deploy.0 = Debug|Any CPU
		{2F925849-10F0-472D-B27A-69B6FFC3C15F}.Debug|x86.ActiveCfg = Debug|Any CPU
		{2F925849-10F0-472D-B27A-69B6FFC3C15F}.Debug|x86.Build.0 = Debug|Any CPU
		{2F925849-10F0-472D-B27A-69B6FFC3C15F}.Debug|x86.Deploy.0 = Debug|Any CPU
		{2F925849-10F0-472D-B27A-69B6FFC3C15F}.Release|Any CPU.ActiveCfg = Release|Any CPU
		{2F925849-10F0-472D-B27A-69B6FFC3C15F}.Release|Any CPU.Build.0 = Release|Any CPU
		{2F925849-10F0-472D-B27A-69B6FFC3C15F}.Release|Any CPU.Deploy.0 = Release|Any CPU
		{2F925849-10F0-472D-B27A-69B6FFC3C15F}.Release|ARM.ActiveCfg = Release|Any CPU
		{2F925849-10F0-472D-B27A-69B6FFC3C15F}.Release|ARM.Build.0 = Release|Any CPU
		{2F925849-10F0-472D-B27A-69B6FFC3C15F}.Release|ARM.Deploy.0 = Release|Any CPU
		{2F925849-10F0-472D-B27A-69B6FFC3C15F}.Release|ARM64.ActiveCfg = Release|Any CPU
		{2F925849-10F0-472D-B27A-69B6FFC3C15F}.Release|ARM64.Build.0 = Release|Any CPU
		{2F925849-10F0-472D-B27A-69B6FFC3C15F}.Release|ARM64.Deploy.0 = Release|Any CPU
		{2F925849-10F0-472D-B27A-69B6FFC3C15F}.Release|x64.ActiveCfg = Release|Any CPU
		{2F925849-10F0-472D-B27A-69B6FFC3C15F}.Release|x64.Build.0 = Release|Any CPU
		{2F925849-10F0-472D-B27A-69B6FFC3C15F}.Release|x64.Deploy.0 = Release|Any CPU
		{2F925849-10F0-472D-B27A-69B6FFC3C15F}.Release|x86.ActiveCfg = Release|Any CPU
		{2F925849-10F0-472D-B27A-69B6FFC3C15F}.Release|x86.Build.0 = Release|Any CPU
		{2F925849-10F0-472D-B27A-69B6FFC3C15F}.Release|x86.Deploy.0 = Release|Any CPU
		{41B12700-AB94-4232-8F35-07795EDB4878}.Debug|Any CPU.ActiveCfg = Debug|Any CPU
		{41B12700-AB94-4232-8F35-07795EDB4878}.Debug|Any CPU.Build.0 = Debug|Any CPU
		{41B12700-AB94-4232-8F35-07795EDB4878}.Debug|ARM.ActiveCfg = Debug|Any CPU
		{41B12700-AB94-4232-8F35-07795EDB4878}.Debug|ARM.Build.0 = Debug|Any CPU
		{41B12700-AB94-4232-8F35-07795EDB4878}.Debug|ARM64.ActiveCfg = Debug|Any CPU
		{41B12700-AB94-4232-8F35-07795EDB4878}.Debug|ARM64.Build.0 = Debug|Any CPU
		{41B12700-AB94-4232-8F35-07795EDB4878}.Debug|x64.ActiveCfg = Debug|Any CPU
		{41B12700-AB94-4232-8F35-07795EDB4878}.Debug|x64.Build.0 = Debug|Any CPU
		{41B12700-AB94-4232-8F35-07795EDB4878}.Debug|x86.ActiveCfg = Debug|Any CPU
		{41B12700-AB94-4232-8F35-07795EDB4878}.Debug|x86.Build.0 = Debug|Any CPU
		{41B12700-AB94-4232-8F35-07795EDB4878}.Release|Any CPU.ActiveCfg = Release|Any CPU
		{41B12700-AB94-4232-8F35-07795EDB4878}.Release|Any CPU.Build.0 = Release|Any CPU
		{41B12700-AB94-4232-8F35-07795EDB4878}.Release|ARM.ActiveCfg = Release|Any CPU
		{41B12700-AB94-4232-8F35-07795EDB4878}.Release|ARM.Build.0 = Release|Any CPU
		{41B12700-AB94-4232-8F35-07795EDB4878}.Release|ARM64.ActiveCfg = Release|Any CPU
		{41B12700-AB94-4232-8F35-07795EDB4878}.Release|ARM64.Build.0 = Release|Any CPU
		{41B12700-AB94-4232-8F35-07795EDB4878}.Release|x64.ActiveCfg = Release|Any CPU
		{41B12700-AB94-4232-8F35-07795EDB4878}.Release|x64.Build.0 = Release|Any CPU
		{41B12700-AB94-4232-8F35-07795EDB4878}.Release|x86.ActiveCfg = Release|Any CPU
		{41B12700-AB94-4232-8F35-07795EDB4878}.Release|x86.Build.0 = Release|Any CPU
		{B6CC063B-CB18-4699-AC2E-00F6BC9C569D}.Debug|Any CPU.ActiveCfg = Debug|Any CPU
		{B6CC063B-CB18-4699-AC2E-00F6BC9C569D}.Debug|Any CPU.Build.0 = Debug|Any CPU
		{B6CC063B-CB18-4699-AC2E-00F6BC9C569D}.Debug|ARM.ActiveCfg = Debug|Any CPU
		{B6CC063B-CB18-4699-AC2E-00F6BC9C569D}.Debug|ARM.Build.0 = Debug|Any CPU
		{B6CC063B-CB18-4699-AC2E-00F6BC9C569D}.Debug|ARM64.ActiveCfg = Debug|Any CPU
		{B6CC063B-CB18-4699-AC2E-00F6BC9C569D}.Debug|ARM64.Build.0 = Debug|Any CPU
		{B6CC063B-CB18-4699-AC2E-00F6BC9C569D}.Debug|x64.ActiveCfg = Debug|Any CPU
		{B6CC063B-CB18-4699-AC2E-00F6BC9C569D}.Debug|x64.Build.0 = Debug|Any CPU
		{B6CC063B-CB18-4699-AC2E-00F6BC9C569D}.Debug|x86.ActiveCfg = Debug|Any CPU
		{B6CC063B-CB18-4699-AC2E-00F6BC9C569D}.Debug|x86.Build.0 = Debug|Any CPU
		{B6CC063B-CB18-4699-AC2E-00F6BC9C569D}.Release|Any CPU.ActiveCfg = Release|Any CPU
		{B6CC063B-CB18-4699-AC2E-00F6BC9C569D}.Release|Any CPU.Build.0 = Release|Any CPU
		{B6CC063B-CB18-4699-AC2E-00F6BC9C569D}.Release|ARM.ActiveCfg = Release|Any CPU
		{B6CC063B-CB18-4699-AC2E-00F6BC9C569D}.Release|ARM.Build.0 = Release|Any CPU
		{B6CC063B-CB18-4699-AC2E-00F6BC9C569D}.Release|ARM64.ActiveCfg = Release|Any CPU
		{B6CC063B-CB18-4699-AC2E-00F6BC9C569D}.Release|ARM64.Build.0 = Release|Any CPU
		{B6CC063B-CB18-4699-AC2E-00F6BC9C569D}.Release|x64.ActiveCfg = Release|Any CPU
		{B6CC063B-CB18-4699-AC2E-00F6BC9C569D}.Release|x64.Build.0 = Release|Any CPU
		{B6CC063B-CB18-4699-AC2E-00F6BC9C569D}.Release|x86.ActiveCfg = Release|Any CPU
		{B6CC063B-CB18-4699-AC2E-00F6BC9C569D}.Release|x86.Build.0 = Release|Any CPU
	EndGlobalSection
	GlobalSection(SolutionProperties) = preSolution
		HideSolutionNode = FALSE
	EndGlobalSection
	GlobalSection(NestedProjects) = preSolution
		{2F925849-10F0-472D-B27A-69B6FFC3C15F} = {AA784E9B-6561-4E33-B1CE-E40C3E23EBCF}
		{41B12700-AB94-4232-8F35-07795EDB4878} = {AA784E9B-6561-4E33-B1CE-E40C3E23EBCF}
		{B6CC063B-CB18-4699-AC2E-00F6BC9C569D} = {687728F2-3068-4DA5-A4EC-07114A26F4BD}
	EndGlobalSection
	GlobalSection(ExtensibilityGlobals) = postSolution
		SolutionGuid = {43D2E833-6440-49EC-A148-D8EDEB604C87}
	EndGlobalSection
EndGlobal
